
Microsoft Visual Studio Solution File, Format Version 12.00
# Visual Studio Version 17
VisualStudioVersion = 17.10.35027.167
MinimumVisualStudioVersion = 10.0.40219.1
Project("{FAE04EC0-301F-11D3-BF4B-00C04F79EFBC}") = "JwtApp.Back", "JwtApp.Back\JwtApp.Back.csproj", "{8E24BED0-5980-46C5-BC11-EBC55E040861}"
EndProject
Project("{FAE04EC0-301F-11D3-BF4B-00C04F79EFBC}") = "JwtApp.Front", "JwtApp.Front\JwtApp.Front.csproj", "{6A617CC8-1017-4E8B-9D9D-E307DD418DEF}"
EndProject
Global
	GlobalSection(SolutionConfigurationPlatforms) = preSolution
		Debug|Any CPU = Debug|Any CPU
		Release|Any CPU = Release|Any CPU
	EndGlobalSection
	GlobalSection(ProjectConfigurationPlatforms) = postSolution
		{8E24BED0-5980-46C5-BC11-EBC55E040861}.Debug|Any CPU.ActiveCfg = Debug|Any CPU
		{8E24BED0-5980-46C5-BC11-EBC55E040861}.Debug|Any CPU.Build.0 = Debug|Any CPU
		{8E24BED0-5980-46C5-BC11-EBC55E040861}.Release|Any CPU.ActiveCfg = Release|Any CPU
		{8E24BED0-5980-46C5-BC11-EBC55E040861}.Release|Any CPU.Build.0 = Release|Any CPU
		{6A617CC8-1017-4E8B-9D9D-E307DD418DEF}.Debug|Any CPU.ActiveCfg = Debug|Any CPU
		{6A617CC8-1017-4E8B-9D9D-E307DD418DEF}.Debug|Any CPU.Build.0 = Debug|Any CPU
		{6A617CC8-1017-4E8B-9D9D-E307DD418DEF}.Release|Any CPU.ActiveCfg = Release|Any CPU
		{6A617CC8-1017-4E8B-9D9D-E307DD418DEF}.Release|Any CPU.Build.0 = Release|Any CPU
	EndGlobalSection
	GlobalSection(SolutionProperties) = preSolution
		HideSolutionNode = FALSE
	EndGlobalSection
	GlobalSection(ExtensibilityGlobals) = postSolution
		SolutionGuid = {224D036C-29D9-4557-B4BB-BB92BE0B1F11}
	EndGlobalSection
EndGlobal
